// !$*UTF8*$!
{
	archiveVersion = 1;
	classes = {
	};
	objectVersion = 50;
	objects = {

/* Begin PBXBuildFile section */
		C2BC2906229F73D400CF05AB /* AppDelegate.swift in Sources */ = {isa = PBXBuildFile; fileRef = C2BC2905229F73D400CF05AB /* AppDelegate.swift */; };
		C2BC2908229F73D400CF05AB /* ViewController.swift in Sources */ = {isa = PBXBuildFile; fileRef = C2BC2907229F73D400CF05AB /* ViewController.swift */; };
		C2BC290B229F73D400CF05AB /* Main.storyboard in Resources */ = {isa = PBXBuildFile; fileRef = C2BC2909229F73D400CF05AB /* Main.storyboard */; };
		C2BC290D229F73D500CF05AB /* Assets.xcassets in Resources */ = {isa = PBXBuildFile; fileRef = C2BC290C229F73D500CF05AB /* Assets.xcassets */; };
		C2BC2910229F73D500CF05AB /* LaunchScreen.storyboard in Resources */ = {isa = PBXBuildFile; fileRef = C2BC290E229F73D500CF05AB /* LaunchScreen.storyboard */; };
		C2C278E422BCE7BC00096E4C /* pathSampleTests.swift in Sources */ = {isa = PBXBuildFile; fileRef = C2C278E322BCE7BC00096E4C /* pathSampleTests.swift */; };
		C2C278EC22BCE7EF00096E4C /* CurvedPath.swift in Sources */ = {isa = PBXBuildFile; fileRef = C2C278EB22BCE7EF00096E4C /* CurvedPath.swift */; };
/* End PBXBuildFile section */

/* Begin PBXContainerItemProxy section */
		C2C278E622BCE7BC00096E4C /* PBXContainerItemProxy */ = {
			isa = PBXContainerItemProxy;
			containerPortal = C2BC28FA229F73D400CF05AB /* Project object */;
			proxyType = 1;
			remoteGlobalIDString = C2BC2901229F73D400CF05AB;
			remoteInfo = pathSample;
		};
/* End PBXContainerItemProxy section */

/* Begin PBXFileReference section */
		C28A433322A4B898000C9983 /* CurvedPath.playground */ = {isa = PBXFileReference; lastKnownFileType = file.playground; path = CurvedPath.playground; sourceTree = "<group>"; xcLanguageSpecificationIdentifier = xcode.lang.swift; };
		C2BC2902229F73D400CF05AB /* pathSample.app */ = {isa = PBXFileReference; explicitFileType = wrapper.application; includeInIndex = 0; path = pathSample.app; sourceTree = BUILT_PRODUCTS_DIR; };
		C2BC2905229F73D400CF05AB /* AppDelegate.swift */ = {isa = PBXFileReference; lastKnownFileType = sourcecode.swift; path = AppDelegate.swift; sourceTree = "<group>"; };
		C2BC2907229F73D400CF05AB /* ViewController.swift */ = {isa = PBXFileReference; lastKnownFileType = sourcecode.swift; path = ViewController.swift; sourceTree = "<group>"; };
		C2BC290A229F73D400CF05AB /* Base */ = {isa = PBXFileReference; lastKnownFileType = file.storyboard; name = Base; path = Base.lproj/Main.storyboard; sourceTree = "<group>"; };
		C2BC290C229F73D500CF05AB /* Assets.xcassets */ = {isa = PBXFileReference; lastKnownFileType = folder.assetcatalog; path = Assets.xcassets; sourceTree = "<group>"; };
		C2BC290F229F73D500CF05AB /* Base */ = {isa = PBXFileReference; lastKnownFileType = file.storyboard; name = Base; path = Base.lproj/LaunchScreen.storyboard; sourceTree = "<group>"; };
		C2BC2911229F73D500CF05AB /* Info.plist */ = {isa = PBXFileReference; lastKnownFileType = text.plist.xml; path = Info.plist; sourceTree = "<group>"; };
		C2C278E122BCE7BB00096E4C /* pathSampleTests.xctest */ = {isa = PBXFileReference; explicitFileType = wrapper.cfbundle; includeInIndex = 0; path = pathSampleTests.xctest; sourceTree = BUILT_PRODUCTS_DIR; };
		C2C278E322BCE7BC00096E4C /* pathSampleTests.swift */ = {isa = PBXFileReference; lastKnownFileType = sourcecode.swift; path = pathSampleTests.swift; sourceTree = "<group>"; };
		C2C278E522BCE7BC00096E4C /* Info.plist */ = {isa = PBXFileReference; lastKnownFileType = text.plist.xml; path = Info.plist; sourceTree = "<group>"; };
		C2C278EB22BCE7EF00096E4C /* CurvedPath.swift */ = {isa = PBXFileReference; lastKnownFileType = sourcecode.swift; path = CurvedPath.swift; sourceTree = "<group>"; };
/* End PBXFileReference section */

/* Begin PBXFrameworksBuildPhase section */
		C2BC28FF229F73D400CF05AB /* Frameworks */ = {
			isa = PBXFrameworksBuildPhase;
			buildActionMask = 2147483647;
			files = (
			);
			runOnlyForDeploymentPostprocessing = 0;
		};
		C2C278DE22BCE7BB00096E4C /* Frameworks */ = {
			isa = PBXFrameworksBuildPhase;
			buildActionMask = 2147483647;
			files = (
			);
			runOnlyForDeploymentPostprocessing = 0;
		};
/* End PBXFrameworksBuildPhase section */

/* Begin PBXGroup section */
		C2BC28F9229F73D400CF05AB = {
			isa = PBXGroup;
			children = (
				C2BC2904229F73D400CF05AB /* pathSample */,
				C2C278E222BCE7BC00096E4C /* pathSampleTests */,
				C2BC2903229F73D400CF05AB /* Products */,
			);
			sourceTree = "<group>";
		};
		C2BC2903229F73D400CF05AB /* Products */ = {
			isa = PBXGroup;
			children = (
				C2BC2902229F73D400CF05AB /* pathSample.app */,
				C2C278E122BCE7BB00096E4C /* pathSampleTests.xctest */,
			);
			name = Products;
			sourceTree = "<group>";
		};
		C2BC2904229F73D400CF05AB /* pathSample */ = {
			isa = PBXGroup;
			children = (
				C28A433322A4B898000C9983 /* CurvedPath.playground */,
				C2BC2905229F73D400CF05AB /* AppDelegate.swift */,
				C2BC2907229F73D400CF05AB /* ViewController.swift */,
				C2BC2909229F73D400CF05AB /* Main.storyboard */,
				C2BC290C229F73D500CF05AB /* Assets.xcassets */,
				C2BC290E229F73D500CF05AB /* LaunchScreen.storyboard */,
				C2BC2911229F73D500CF05AB /* Info.plist */,
				C2C278EB22BCE7EF00096E4C /* CurvedPath.swift */,
			);
			path = pathSample;
			sourceTree = "<group>";
		};
		C2C278E222BCE7BC00096E4C /* pathSampleTests */ = {
			isa = PBXGroup;
			children = (
				C2C278E322BCE7BC00096E4C /* pathSampleTests.swift */,
				C2C278E522BCE7BC00096E4C /* Info.plist */,
			);
			path = pathSampleTests;
			sourceTree = "<group>";
		};
/* End PBXGroup section */

/* Begin PBXNativeTarget section */
		C2BC2901229F73D400CF05AB /* pathSample */ = {
			isa = PBXNativeTarget;
			buildConfigurationList = C2BC2914229F73D500CF05AB /* Build configuration list for PBXNativeTarget "pathSample" */;
			buildPhases = (
				C2BC28FE229F73D400CF05AB /* Sources */,
				C2BC28FF229F73D400CF05AB /* Frameworks */,
				C2BC2900229F73D400CF05AB /* Resources */,
			);
			buildRules = (
			);
			dependencies = (
			);
			name = pathSample;
			productName = pathSample;
			productReference = C2BC2902229F73D400CF05AB /* pathSample.app */;
			productType = "com.apple.product-type.application";
		};
		C2C278E022BCE7BB00096E4C /* pathSampleTests */ = {
			isa = PBXNativeTarget;
			buildConfigurationList = C2C278EA22BCE7BC00096E4C /* Build configuration list for PBXNativeTarget "pathSampleTests" */;
			buildPhases = (
				C2C278DD22BCE7BB00096E4C /* Sources */,
				C2C278DE22BCE7BB00096E4C /* Frameworks */,
				C2C278DF22BCE7BB00096E4C /* Resources */,
			);
			buildRules = (
			);
			dependencies = (
				C2C278E722BCE7BC00096E4C /* PBXTargetDependency */,
			);
			name = pathSampleTests;
			productName = pathSampleTests;
			productReference = C2C278E122BCE7BB00096E4C /* pathSampleTests.xctest */;
			productType = "com.apple.product-type.bundle.unit-test";
		};
/* End PBXNativeTarget section */

/* Begin PBXProject section */
		C2BC28FA229F73D400CF05AB /* Project object */ = {
			isa = PBXProject;
			attributes = {
				LastSwiftUpdateCheck = 1020;
				LastUpgradeCheck = 1020;
				ORGANIZATIONNAME = jewelz;
				TargetAttributes = {
					C2BC2901229F73D400CF05AB = {
						CreatedOnToolsVersion = 10.2;
					};
					C2C278E022BCE7BB00096E4C = {
						CreatedOnToolsVersion = 10.2;
						TestTargetID = C2BC2901229F73D400CF05AB;
					};
				};
			};
			buildConfigurationList = C2BC28FD229F73D400CF05AB /* Build configuration list for PBXProject "pathSample" */;
			compatibilityVersion = "Xcode 9.3";
			developmentRegion = en;
			hasScannedForEncodings = 0;
			knownRegions = (
				en,
				Base,
			);
			mainGroup = C2BC28F9229F73D400CF05AB;
			productRefGroup = C2BC2903229F73D400CF05AB /* Products */;
			projectDirPath = "";
			projectRoot = "";
			targets = (
				C2BC2901229F73D400CF05AB /* pathSample */,
				C2C278E022BCE7BB00096E4C /* pathSampleTests */,
			);
		};
/* End PBXProject section */

/* Begin PBXResourcesBuildPhase section */
		C2BC2900229F73D400CF05AB /* Resources */ = {
			isa = PBXResourcesBuildPhase;
			buildActionMask = 2147483647;
			files = (
				C2BC2910229F73D500CF05AB /* LaunchScreen.storyboard in Resources */,
				C2BC290D229F73D500CF05AB /* Assets.xcassets in Resources */,
				C2BC290B229F73D400CF05AB /* Main.storyboard in Resources */,
			);
			runOnlyForDeploymentPostprocessing = 0;
		};
		C2C278DF22BCE7BB00096E4C /* Resources */ = {
			isa = PBXResourcesBuildPhase;
			buildActionMask = 2147483647;
			files = (
			);
			runOnlyForDeploymentPostprocessing = 0;
		};
/* End PBXResourcesBuildPhase section */

/* Begin PBXSourcesBuildPhase section */
		C2BC28FE229F73D400CF05AB /* Sources */ = {
			isa = PBXSourcesBuildPhase;
			buildActionMask = 2147483647;
			files = (
				C2BC2908229F73D400CF05AB /* ViewController.swift in Sources */,
				C2C278EC22BCE7EF00096E4C /* CurvedPath.swift in Sources */,
				C2BC2906229F73D400CF05AB /* AppDelegate.swift in Sources */,
			);
			runOnlyForDeploymentPostprocessing = 0;
		};
		C2C278DD22BCE7BB00096E4C /* Sources */ = {
			isa = PBXSourcesBuildPhase;
			buildActionMask = 2147483647;
			files = (
				C2C278E422BCE7BC00096E4C /* pathSampleTests.swift in Sources */,
			);
			runOnlyForDeploymentPostprocessing = 0;
		};
/* End PBXSourcesBuildPhase section */

/* Begin PBXTargetDependency section */
		C2C278E722BCE7BC00096E4C /* PBXTargetDependency */ = {
			isa = PBXTargetDependency;
			target = C2BC2901229F73D400CF05AB /* pathSample */;
			targetProxy = C2C278E622BCE7BC00096E4C /* PBXContainerItemProxy */;
		};
/* End PBXTargetDependency section */

/* Begin PBXVariantGroup section */
		C2BC2909229F73D400CF05AB /* Main.storyboard */ = {
			isa = PBXVariantGroup;
			children = (
				C2BC290A229F73D400CF05AB /* Base */,
			);
			name = Main.storyboard;
			sourceTree = "<group>";
		};
		C2BC290E229F73D500CF05AB /* LaunchScreen.storyboard */ = {
			isa = PBXVariantGroup;
			children = (
				C2BC290F229F73D500CF05AB /* Base */,
			);
			name = LaunchScreen.storyboard;
			sourceTree = "<group>";
		};
/* End PBXVariantGroup section */

/* Begin XCBuildConfiguration section */
		C2BC2912229F73D500CF05AB /* Debug */ = {
			isa = XCBuildConfiguration;
			buildSettings = {
				ALWAYS_SEARCH_USER_PATHS = NO;
				CLANG_ANALYZER_NONNULL = YES;
				CLANG_ANALYZER_NUMBER_OBJECT_CONVERSION = YES_AGGRESSIVE;
				CLANG_CXX_LANGUAGE_STANDARD = "gnu++14";
				CLANG_CXX_LIBRARY = "libc++";
				CLANG_ENABLE_MODULES = YES;
				CLANG_ENABLE_OBJC_ARC = YES;
				CLANG_ENABLE_OBJC_WEAK = YES;
				CLANG_WARN_BLOCK_CAPTURE_AUTORELEASING = YES;
				CLANG_WARN_BOOL_CONVERSION = YES;
				CLANG_WARN_COMMA = YES;
				CLANG_WARN_CONSTANT_CONVERSION = YES;
				CLANG_WARN_DEPRECATED_OBJC_IMPLEMENTATIONS = YES;
				CLANG_WARN_DIRECT_OBJC_ISA_USAGE = YES_ERROR;
				CLANG_WARN_DOCUMENTATION_COMMENTS = YES;
				CLANG_WARN_EMPTY_BODY = YES;
				CLANG_WARN_ENUM_CONVERSION = YES;
				CLANG_WARN_INFINITE_RECURSION = YES;
				CLANG_WARN_INT_CONVERSION = YES;
				CLANG_WARN_NON_LITERAL_NULL_CONVERSION = YES;
				CLANG_WARN_OBJC_IMPLICIT_RETAIN_SELF = YES;
				CLANG_WARN_OBJC_LITERAL_CONVERSION = YES;
				CLANG_WARN_OBJC_ROOT_CLASS = YES_ERROR;
				CLANG_WARN_RANGE_LOOP_ANALYSIS = YES;
				CLANG_WARN_STRICT_PROTOTYPES = YES;
				CLANG_WARN_SUSPICIOUS_MOVE = YES;
				CLANG_WARN_UNGUARDED_AVAILABILITY = YES_AGGRESSIVE;
				CLANG_WARN_UNREACHABLE_CODE = YES;
				CLANG_WARN__DUPLICATE_METHOD_MATCH = YES;
				CODE_SIGN_IDENTITY = "iPhone Developer";
				COPY_PHASE_STRIP = NO;
				DEBUG_INFORMATION_FORMAT = dwarf;
				ENABLE_STRICT_OBJC_MSGSEND = YES;
				ENABLE_TESTABILITY = YES;
				GCC_C_LANGUAGE_STANDARD = gnu11;
				GCC_DYNAMIC_NO_PIC = NO;
				GCC_NO_COMMON_BLOCKS = YES;
				GCC_OPTIMIZATION_LEVEL = 0;
				GCC_PREPROCESSOR_DEFINITIONS = (
					"DEBUG=1",
					"$(inherited)",
				);
				GCC_WARN_64_TO_32_BIT_CONVERSION = YES;
				GCC_WARN_ABOUT_RETURN_TYPE = YES_ERROR;
				GCC_WARN_UNDECLARED_SELECTOR = YES;
				GCC_WARN_UNINITIALIZED_AUTOS = YES_AGGRESSIVE;
				GCC_WARN_UNUSED_FUNCTION = YES;
				GCC_WARN_UNUSED_VARIABLE = YES;
				IPHONEOS_DEPLOYMENT_TARGET = 12.2;
				MTL_ENABLE_DEBUG_INFO = INCLUDE_SOURCE;
				MTL_FAST_MATH = YES;
				ONLY_ACTIVE_ARCH = YES;
				SDKROOT = iphoneos;
				SWIFT_ACTIVE_COMPILATION_CONDITIONS = DEBUG;
				SWIFT_OPTIMIZATION_LEVEL = "-Onone";
			};
			name = Debug;
		};
		C2BC2913229F73D500CF05AB /* Release */ = {
			isa = XCBuildConfiguration;
			buildSettings = {
				ALWAYS_SEARCH_USER_PATHS = NO;
				CLANG_ANALYZER_NONNULL = YES;
				CLANG_ANALYZER_NUMBER_OBJECT_CONVERSION = YES_AGGRESSIVE;
				CLANG_CXX_LANGUAGE_STANDARD = "gnu++14";
				CLANG_CXX_LIBRARY = "libc++";
				CLANG_ENABLE_MODULES = YES;
				CLANG_ENABLE_OBJC_ARC = YES;
				CLANG_ENABLE_OBJC_WEAK = YES;
				CLANG_WARN_BLOCK_CAPTURE_AUTORELEASING = YES;
				CLANG_WARN_BOOL_CONVERSION = YES;
				CLANG_WARN_COMMA = YES;
				CLANG_WARN_CONSTANT_CONVERSION = YES;
				CLANG_WARN_DEPRECATED_OBJC_IMPLEMENTATIONS = YES;
				CLANG_WARN_DIRECT_OBJC_ISA_USAGE = YES_ERROR;
				CLANG_WARN_DOCUMENTATION_COMMENTS = YES;
				CLANG_WARN_EMPTY_BODY = YES;
				CLANG_WARN_ENUM_CONVERSION = YES;
				CLANG_WARN_INFINITE_RECURSION = YES;
				CLANG_WARN_INT_CONVERSION = YES;
				CLANG_WARN_NON_LITERAL_NULL_CONVERSION = YES;
				CLANG_WARN_OBJC_IMPLICIT_RETAIN_SELF = YES;
				CLANG_WARN_OBJC_LITERAL_CONVERSION = YES;
				CLANG_WARN_OBJC_ROOT_CLASS = YES_ERROR;
				CLANG_WARN_RANGE_LOOP_ANALYSIS = YES;
				CLANG_WARN_STRICT_PROTOTYPES = YES;
				CLANG_WARN_SUSPICIOUS_MOVE = YES;
				CLANG_WARN_UNGUARDED_AVAILABILITY = YES_AGGRESSIVE;
				CLANG_WARN_UNREACHABLE_CODE = YES;
				CLANG_WARN__DUPLICATE_METHOD_MATCH = YES;
				CODE_SIGN_IDENTITY = "iPhone Developer";
				COPY_PHASE_STRIP = NO;
				DEBUG_INFORMATION_FORMAT = "dwarf-with-dsym";
				ENABLE_NS_ASSERTIONS = NO;
				ENABLE_STRICT_OBJC_MSGSEND = YES;
				GCC_C_LANGUAGE_STANDARD = gnu11;
				GCC_NO_COMMON_BLOCKS = YES;
				GCC_WARN_64_TO_32_BIT_CONVERSION = YES;
				GCC_WARN_ABOUT_RETURN_TYPE = YES_ERROR;
				GCC_WARN_UNDECLARED_SELECTOR = YES;
				GCC_WARN_UNINITIALIZED_AUTOS = YES_AGGRESSIVE;
				GCC_WARN_UNUSED_FUNCTION = YES;
				GCC_WARN_UNUSED_VARIABLE = YES;
				IPHONEOS_DEPLOYMENT_TARGET = 12.2;
				MTL_ENABLE_DEBUG_INFO = NO;
				MTL_FAST_MATH = YES;
				SDKROOT = iphoneos;
				SWIFT_COMPILATION_MODE = wholemodule;
				SWIFT_OPTIMIZATION_LEVEL = "-O";
				VALIDATE_PRODUCT = YES;
			};
			name = Release;
		};
		C2BC2915229F73D500CF05AB /* Debug */ = {
			isa = XCBuildConfiguration;
			buildSettings = {
				ASSETCATALOG_COMPILER_APPICON_NAME = AppIcon;
				CODE_SIGN_STYLE = Automatic;
				DEVELOPMENT_TEAM = UA8U3Z7XU4;
				INFOPLIST_FILE = pathSample/Info.plist;
				IPHONEOS_DEPLOYMENT_TARGET = 11.0;
				LD_RUNPATH_SEARCH_PATHS = (
					"$(inherited)",
					"@executable_path/Frameworks",
				);
				PRODUCT_BUNDLE_IDENTIFIER = com.jewelz.pathSample;
				PRODUCT_NAME = "$(TARGET_NAME)";
				SWIFT_VERSION = 5.0;
				TARGETED_DEVICE_FAMILY = "1,2";
			};
			name = Debug;
		};
		C2BC2916229F73D500CF05AB /* Release */ = {
			isa = XCBuildConfiguration;
			buildSettings = {
				ASSETCATALOG_COMPILER_APPICON_NAME = AppIcon;
				CODE_SIGN_STYLE = Automatic;
				DEVELOPMENT_TEAM = UA8U3Z7XU4;
				INFOPLIST_FILE = pathSample/Info.plist;
				IPHONEOS_DEPLOYMENT_TARGET = 11.0;
				LD_RUNPATH_SEARCH_PATHS = (
					"$(inherited)",
					"@executable_path/Frameworks",
				);
				PRODUCT_BUNDLE_IDENTIFIER = com.jewelz.pathSample;
				PRODUCT_NAME = "$(TARGET_NAME)";
				SWIFT_VERSION = 5.0;
				TARGETED_DEVICE_FAMILY = "1,2";
			};
			name = Release;
		};
		C2C278E822BCE7BC00096E4C /* Debug */ = {
			isa = XCBuildConfiguration;
			buildSettings = {
				BUNDLE_LOADER = "$(TEST_HOST)";
				CODE_SIGN_STYLE = Automatic;
				DEVELOPMENT_TEAM = UA8U3Z7XU4;
				INFOPLIST_FILE = pathSampleTests/Info.plist;
				LD_RUNPATH_SEARCH_PATHS = (
					"$(inherited)",
					"@executable_path/Frameworks",
					"@loader_path/Frameworks",
				);
				PRODUCT_BUNDLE_IDENTIFIER = com.jewelz.pathSampleTests;
				PRODUCT_NAME = "$(TARGET_NAME)";
				SWIFT_VERSION = 5.0;
				TARGETED_DEVICE_FAMILY = "1,2";
				TEST_HOST = "$(BUILT_PRODUCTS_DIR)/pathSample.app/pathSample";
			};
			name = Debug;
		};
		C2C278E922BCE7BC00096E4C /* Release */ = {
			isa = XCBuildConfiguration;
			buildSettings = {
				BUNDLE_LOADER = "$(TEST_HOST)";
				CODE_SIGN_STYLE = Automatic;
				DEVELOPMENT_TEAM = UA8U3Z7XU4;
				INFOPLIST_FILE = pathSampleTests/Info.plist;
				LD_RUNPATH_SEARCH_PATHS = (
					"$(inherited)",
					"@executable_path/Frameworks",
					"@loader_path/Frameworks",
				);
				PRODUCT_BUNDLE_IDENTIFIER = com.jewelz.pathSampleTests;
				PRODUCT_NAME = "$(TARGET_NAME)";
				SWIFT_VERSION = 5.0;
				TARGETED_DEVICE_FAMILY = "1,2";
				TEST_HOST = "$(BUILT_PRODUCTS_DIR)/pathSample.app/pathSample";
			};
			name = Release;
		};
/* End XCBuildConfiguration section */

/* Begin XCConfigurationList section */
		C2BC28FD229F73D400CF05AB /* Build configuration list for PBXProject "pathSample" */ = {
			isa = XCConfigurationList;
			buildConfigurations = (
				C2BC2912229F73D500CF05AB /* Debug */,
				C2BC2913229F73D500CF05AB /* Release */,
			);
			defaultConfigurationIsVisible = 0;
			defaultConfigurationName = Release;
		};
		C2BC2914229F73D500CF05AB /* Build configuration list for PBXNativeTarget "pathSample" */ = {
			isa = XCConfigurationList;
			buildConfigurations = (
				C2BC2915229F73D500CF05AB /* Debug */,
				C2BC2916229F73D500CF05AB /* Release */,
			);
			defaultConfigurationIsVisible = 0;
			defaultConfigurationName = Release;
		};
		C2C278EA22BCE7BC00096E4C /* Build configuration list for PBXNativeTarget "pathSampleTests" */ = {
			isa = XCConfigurationList;
			buildConfigurations = (
				C2C278E822BCE7BC00096E4C /* Debug */,
				C2C278E922BCE7BC00096E4C /* Release */,
			);
			defaultConfigurationIsVisible = 0;
			defaultConfigurationName = Release;
		};
/* End XCConfigurationList section */
	};
	rootObject = C2BC28FA229F73D400CF05AB /* Project object */;
}
